dependencies:
- name: grafana-agent
  repository: https://grafana.github.io/helm-charts
  version: 0.12.0
- name: kube-state-metrics
  repository: https://prometheus-community.github.io/helm-charts
  version: 5.6.0
digest: sha256:edd7f58c2a7430b2350c376c4c7c6a66aadea94495832f616e72d2868a18791b
generated: "2023-04-25T21:31:26.526118-05:00"
