dependencies:
- name: grafana-agent
  repository: https://grafana.github.io/helm-charts
  version: 0.15.0
- name: kube-state-metrics
  repository: https://prometheus-community.github.io/helm-charts
  version: 5.7.0
- name: prometheus-node-exporter
  repository: https://prometheus-community.github.io/helm-charts
  version: 4.17.4
- name: opencost
  repository: https://opencost.github.io/opencost-helm-chart
  version: 1.14.5
digest: sha256:82c11e4bd73a767947c7827e82e4c28519f19384c458bba09336373dd523ff79
generated: "2023-06-08T15:37:33.080138-05:00"
