dependencies:
- name: grafana-agent
  repository: https://grafana.github.io/helm-charts
  version: 0.15.0
- name: kube-state-metrics
  repository: https://prometheus-community.github.io/helm-charts
  version: 5.7.0
- name: prometheus-node-exporter
  repository: https://prometheus-community.github.io/helm-charts
  version: 4.17.5
- name: opencost
  repository: https://opencost.github.io/opencost-helm-chart
  version: 1.14.5
digest: sha256:b3961424d320d7d8e51702f55e3487fb3a52a169c48d8af678350c3e5626f4e1
generated: "2023-06-09T16:34:21.21271-05:00"
