dependencies:
- name: kepler
  repository: https://sustainable-computing-io.github.io/kepler-helm-chart
  version: 0.6.1
- name: prometheus-node-exporter
  repository: https://prometheus-community.github.io/helm-charts
  version: 4.52.1
- name: prometheus-windows-exporter
  repository: https://prometheus-community.github.io/helm-charts
  version: 0.12.3
- name: kube-state-metrics
  repository: https://prometheus-community.github.io/helm-charts
  version: 7.2.1
- name: opencost
  repository: https://opencost.github.io/opencost-helm-chart
  version: 2.5.12
digest: sha256:65b067c7d5e044abb2271a36e851becb009d788bed97ba992856899a840bb234
generated: "2026-03-19T17:29:32.549911-05:00"
