dependencies:
- name: kepler
  repository: https://sustainable-computing-io.github.io/kepler-helm-chart
  version: 0.6.1
- name: prometheus-node-exporter
  repository: https://prometheus-community.github.io/helm-charts
  version: 4.55.0
- name: prometheus-windows-exporter
  repository: https://prometheus-community.github.io/helm-charts
  version: 0.12.7
- name: kube-state-metrics
  repository: https://prometheus-community.github.io/helm-charts
  version: 7.3.0
- name: opencost
  repository: https://opencost.github.io/opencost-helm-chart
  version: 2.5.21
- name: k8s-manifest-tail
  repository: https://grafana.github.io/helm-charts
  version: 0.1.4
digest: sha256:0c5b1c6ec77a1462fba519323a98dc91fd534213165d38dc7bf885a7d6237ee4
generated: "2026-05-28T10:46:35.074656-05:00"
