dependencies:
- name: kepler
  repository: https://sustainable-computing-io.github.io/kepler-helm-chart
  version: 0.6.1
- name: prometheus-node-exporter
  repository: https://prometheus-community.github.io/helm-charts
  version: 4.52.2
- name: prometheus-windows-exporter
  repository: https://prometheus-community.github.io/helm-charts
  version: 0.12.5
- name: kube-state-metrics
  repository: https://prometheus-community.github.io/helm-charts
  version: 7.2.2
- name: opencost
  repository: https://opencost.github.io/opencost-helm-chart
  version: 2.5.12
digest: sha256:88fcbc6995daff30e6480544a4092a5c7afa19ab2bb2d1d0f6707be203a60fbb
generated: "2026-03-27T03:02:06.941590384Z"
