dependencies:
- name: feature-annotation-autodiscovery
  repository: ""
  version: 1.0.0
- name: feature-application-observability
  repository: ""
  version: 1.0.0
- name: feature-auto-instrumentation
  repository: ""
  version: 1.0.0
- name: feature-cluster-events
  repository: ""
  version: 1.0.0
- name: feature-cluster-metrics
  repository: ""
  version: 1.0.0
- name: feature-integrations
  repository: ""
  version: 1.0.0
- name: feature-node-logs
  repository: ""
  version: 1.0.0
- name: feature-pod-logs
  repository: ""
  version: 1.0.0
- name: feature-profiling
  repository: ""
  version: 1.0.0
- name: feature-prometheus-operator-objects
  repository: ""
  version: 1.0.0
- name: alloy
  repository: https://grafana.github.io/helm-charts
  version: 0.10.1
- name: alloy
  repository: https://grafana.github.io/helm-charts
  version: 0.10.1
- name: alloy
  repository: https://grafana.github.io/helm-charts
  version: 0.10.1
- name: alloy
  repository: https://grafana.github.io/helm-charts
  version: 0.10.1
- name: alloy
  repository: https://grafana.github.io/helm-charts
  version: 0.10.1
digest: sha256:705d452b9e031cd2f9b4e02782bf54bc6f33eae016c02e9bfa77479177fdf6bd
generated: "2025-01-02T11:08:35.433212-06:00"
