dependencies:
- name: alloy
  repository: https://grafana.github.io/helm-charts
  version: 0.1.1
- name: alloy
  repository: https://grafana.github.io/helm-charts
  version: 0.1.1
- name: alloy
  repository: https://grafana.github.io/helm-charts
  version: 0.1.1
- name: alloy
  repository: https://grafana.github.io/helm-charts
  version: 0.1.1
- name: kube-state-metrics
  repository: https://prometheus-community.github.io/helm-charts
  version: 5.19.0
- name: prometheus-node-exporter
  repository: https://prometheus-community.github.io/helm-charts
  version: 4.32.0
- name: prometheus-operator-crds
  repository: https://prometheus-community.github.io/helm-charts
  version: 11.0.0
- name: prometheus-windows-exporter
  repository: https://prometheus-community.github.io/helm-charts
  version: 0.3.1
- name: opencost
  repository: https://opencost.github.io/opencost-helm-chart
  version: 1.34.0
digest: sha256:88b4c976246e1f2c55e5487de05e64775460ae305584b8245999d73803735408
generated: "2024-04-22T00:17:39.34428988Z"
