dependencies:
- name: grafana-agent
  repository: https://grafana.github.io/helm-charts
  version: 0.24.0
- name: grafana-agent
  repository: https://grafana.github.io/helm-charts
  version: 0.24.0
- name: kube-state-metrics
  repository: https://prometheus-community.github.io/helm-charts
  version: 5.13.0
- name: prometheus-node-exporter
  repository: https://prometheus-community.github.io/helm-charts
  version: 4.23.0
- name: prometheus-operator-crds
  repository: https://prometheus-community.github.io/helm-charts
  version: 6.0.0
- name: prometheus-windows-exporter
  repository: https://prometheus-community.github.io/helm-charts
  version: 0.1.1
- name: opencost
  repository: https://opencost.github.io/opencost-helm-chart
  version: 1.19.3
digest: sha256:5a1254b617291f5945e8713f7e9d10af4279506d96e3f3e38f5b0fd6d0544191
generated: "2023-09-13T14:24:41.165351-05:00"
