dependencies:
- name: kube-state-metrics
  repository: https://prometheus-community.github.io/helm-charts
  version: 6.4.2
- name: prometheus-node-exporter
  repository: https://prometheus-community.github.io/helm-charts
  version: 4.52.0
- name: prometheus-windows-exporter
  repository: https://prometheus-community.github.io/helm-charts
  version: 0.12.3
- name: kepler
  repository: https://sustainable-computing-io.github.io/kepler-helm-chart
  version: 0.6.1
- name: opencost
  repository: https://opencost.github.io/opencost-helm-chart
  version: 2.5.9
digest: sha256:a2adf9803f326199e18a3638c47dac32866e2ee102f2fc26d94b3374f658ecdb
generated: "2026-03-01T21:04:50.17394127Z"
