dependencies:
- name: kube-state-metrics
  repository: https://prometheus-community.github.io/helm-charts
  version: 5.32.0
- name: prometheus-node-exporter
  repository: https://prometheus-community.github.io/helm-charts
  version: 4.45.2
- name: prometheus-windows-exporter
  repository: https://prometheus-community.github.io/helm-charts
  version: 0.10.0
- name: kepler
  repository: https://sustainable-computing-io.github.io/kepler-helm-chart
  version: 0.5.13
- name: opencost
  repository: https://opencost.github.io/opencost-helm-chart
  version: 1.43.2
digest: sha256:19e851fee0b7e51df9b948648a5d1ab6b92abd241dc3fecc30199fcaf2438e6a
generated: "2025-04-21T16:34:51.131211-05:00"
