dependencies:
- name: kube-state-metrics
  repository: https://prometheus-community.github.io/helm-charts
  version: 6.3.0
- name: prometheus-node-exporter
  repository: https://prometheus-community.github.io/helm-charts
  version: 4.49.0
- name: prometheus-windows-exporter
  repository: https://prometheus-community.github.io/helm-charts
  version: 0.12.2
- name: kepler
  repository: https://sustainable-computing-io.github.io/kepler-helm-chart
  version: 0.6.1
- name: opencost
  repository: https://opencost.github.io/opencost-helm-chart
  version: 2.3.2
digest: sha256:2fd096b8273560be1e39b75800060a0cc2ff0ddff6947866876b7de6f97d4870
generated: "2025-10-28T00:12:08.630551252Z"
