dependencies:
- name: kube-state-metrics
  repository: https://prometheus-community.github.io/helm-charts
  version: 5.28.0
- name: prometheus-node-exporter
  repository: https://prometheus-community.github.io/helm-charts
  version: 4.43.1
- name: prometheus-windows-exporter
  repository: https://prometheus-community.github.io/helm-charts
  version: 0.7.1
- name: kepler
  repository: https://sustainable-computing-io.github.io/kepler-helm-chart
  version: 0.5.12
- name: opencost
  repository: https://opencost.github.io/opencost-helm-chart
  version: 1.43.0
digest: sha256:b06c60f636a467573aa1e162e4ee43a16ee627f671d19c692de341bad3dd13cf
generated: "2025-01-02T08:29:38.80156-06:00"
