dependencies:
- name: grafana-agent
  repository: https://grafana.github.io/helm-charts
  version: 0.15.0
- name: kube-state-metrics
  repository: https://prometheus-community.github.io/helm-charts
  version: 5.8.0
- name: prometheus-node-exporter
  repository: https://prometheus-community.github.io/helm-charts
  version: 4.17.5
- name: prometheus-operator-crds
  repository: https://prometheus-community.github.io/helm-charts
  version: 4.0.2
- name: opencost
  repository: https://opencost.github.io/opencost-helm-chart
  version: 1.15.0
digest: sha256:7d4ca0096a19e89edfc2f066f266fa062cb1bedc024f5fd0782121d6432f0538
generated: "2023-06-16T16:04:21.661871-05:00"
