dependencies:
- name: alloy
  repository: https://grafana.github.io/helm-charts
  version: 1.2.1
- name: alloy
  repository: https://grafana.github.io/helm-charts
  version: 1.2.1
- name: alloy
  repository: https://grafana.github.io/helm-charts
  version: 1.2.1
- name: alloy
  repository: https://grafana.github.io/helm-charts
  version: 1.2.1
- name: kube-state-metrics
  repository: https://prometheus-community.github.io/helm-charts
  version: 6.3.0
- name: prometheus-node-exporter
  repository: https://prometheus-community.github.io/helm-charts
  version: 4.48.0
- name: prometheus-operator-crds
  repository: https://prometheus-community.github.io/helm-charts
  version: 23.0.0
- name: prometheus-windows-exporter
  repository: https://prometheus-community.github.io/helm-charts
  version: 0.12.2
- name: opencost
  repository: https://opencost.github.io/opencost-helm-chart
  version: 2.2.8
- name: kepler
  repository: https://sustainable-computing-io.github.io/kepler-helm-chart
  version: 0.6.1
- name: beyla
  repository: https://grafana.github.io/helm-charts
  version: 1.9.4
digest: sha256:797336a4ac8977a9ce0fd5d42f582dcfbeb15ae1e944489ee7aaa312ae4425ef
generated: "2025-09-29T12:17:11.251752472Z"
