dependencies:
- name: alloy
  repository: https://grafana.github.io/helm-charts
  version: 1.5.3
- name: alloy
  repository: https://grafana.github.io/helm-charts
  version: 1.5.3
- name: alloy
  repository: https://grafana.github.io/helm-charts
  version: 1.5.3
- name: alloy
  repository: https://grafana.github.io/helm-charts
  version: 1.5.3
- name: kube-state-metrics
  repository: https://prometheus-community.github.io/helm-charts
  version: 6.4.2
- name: prometheus-node-exporter
  repository: https://prometheus-community.github.io/helm-charts
  version: 4.51.0
- name: prometheus-operator-crds
  repository: https://prometheus-community.github.io/helm-charts
  version: 26.0.1
- name: prometheus-windows-exporter
  repository: https://prometheus-community.github.io/helm-charts
  version: 0.12.3
- name: opencost
  repository: https://opencost.github.io/opencost-helm-chart
  version: 2.5.9
- name: kepler
  repository: https://sustainable-computing-io.github.io/kepler-helm-chart
  version: 0.6.1
- name: beyla
  repository: https://grafana.github.io/helm-charts
  version: 1.11.0
digest: sha256:685bdb47ee1275bd4ff7387c2e200bf7d943aac4153c9aba7be52aa74073aff2
generated: "2026-02-23T12:04:28.489677149Z"
