dependencies:
- name: alloy
  repository: https://grafana.github.io/helm-charts
  version: 1.2.1
- name: alloy
  repository: https://grafana.github.io/helm-charts
  version: 1.2.1
- name: alloy
  repository: https://grafana.github.io/helm-charts
  version: 1.2.1
- name: alloy
  repository: https://grafana.github.io/helm-charts
  version: 1.2.1
- name: kube-state-metrics
  repository: https://prometheus-community.github.io/helm-charts
  version: 6.3.0
- name: prometheus-node-exporter
  repository: https://prometheus-community.github.io/helm-charts
  version: 4.48.0
- name: prometheus-operator-crds
  repository: https://prometheus-community.github.io/helm-charts
  version: 23.0.0
- name: prometheus-windows-exporter
  repository: https://prometheus-community.github.io/helm-charts
  version: 0.12.2
- name: opencost
  repository: https://opencost.github.io/opencost-helm-chart
  version: 2.2.7
- name: kepler
  repository: https://sustainable-computing-io.github.io/kepler-helm-chart
  version: 0.6.1
- name: beyla
  repository: https://grafana.github.io/helm-charts
  version: 1.9.4
digest: sha256:05de943953063d2d702b221ff8e51e23ea4682b4f6a0c2344393c433a7e2c0f7
generated: "2025-09-19T11:17:08.814834588Z"
